// !$*UTF8*$!
{
	archiveVersion = 1;
	classes = {
	};
	objectVersion = 56;
	objects = {

/* Begin PBXBuildFile section */
		A10001 /* RuffleApp.swift in Sources */ = {isa = PBXBuildFile; fileRef = B10001 /* RuffleApp.swift */; };
		A10002 /* AppDelegate.swift in Sources */ = {isa = PBXBuildFile; fileRef = B10002 /* AppDelegate.swift */; };
		A10003 /* RuffleCommands.swift in Sources */ = {isa = PBXBuildFile; fileRef = B10003 /* RuffleCommands.swift */; };
		A10004 /* AppState.swift in Sources */ = {isa = PBXBuildFile; fileRef = B10004 /* AppState.swift */; };
		A10005 /* AppToolbar.swift in Sources */ = {isa = PBXBuildFile; fileRef = B10005 /* AppToolbar.swift */; };
		A10006 /* AboutWindow.swift in Sources */ = {isa = PBXBuildFile; fileRef = B10006 /* AboutWindow.swift */; };
		A10007 /* ContentView.swift in Sources */ = {isa = PBXBuildFile; fileRef = B10007 /* ContentView.swift */; };
		A10008 /* AppSidebar.swift in Sources */ = {isa = PBXBuildFile; fileRef = B10008 /* AppSidebar.swift */; };
		A10010 /* EmptyStateView.swift in Sources */ = {isa = PBXBuildFile; fileRef = B10010 /* EmptyStateView.swift */; };
		A10011 /* FavoritesGridView.swift in Sources */ = {isa = PBXBuildFile; fileRef = B10011 /* FavoritesGridView.swift */; };
		A10012 /* LibraryContentView.swift in Sources */ = {isa = PBXBuildFile; fileRef = B10012 /* LibraryContentView.swift */; };
		A10013 /* LibraryFileCell.swift in Sources */ = {isa = PBXBuildFile; fileRef = B10013 /* LibraryFileCell.swift */; };
		A10014 /* RecentFileRow.swift in Sources */ = {isa = PBXBuildFile; fileRef = B10014 /* RecentFileRow.swift */; };
		A10015 /* RecentListView.swift in Sources */ = {isa = PBXBuildFile; fileRef = B10015 /* RecentListView.swift */; };
		A10016 /* PlayerControlBar.swift in Sources */ = {isa = PBXBuildFile; fileRef = B10016 /* PlayerControlBar.swift */; };
		A10017 /* RufflePlayerView.swift in Sources */ = {isa = PBXBuildFile; fileRef = B10017 /* RufflePlayerView.swift */; };
		A10018 /* DebugOverlayView.swift in Sources */ = {isa = PBXBuildFile; fileRef = B10018 /* DebugOverlayView.swift */; };
		A10019 /* SWFInfoPanel.swift in Sources */ = {isa = PBXBuildFile; fileRef = B10019 /* SWFInfoPanel.swift */; };
		A10020 /* TraceConsoleView.swift in Sources */ = {isa = PBXBuildFile; fileRef = B10020 /* TraceConsoleView.swift */; };
		A10021 /* SettingsPersistence.swift in Sources */ = {isa = PBXBuildFile; fileRef = B10021 /* SettingsPersistence.swift */; };
		A10022 /* SettingsView.swift in Sources */ = {isa = PBXBuildFile; fileRef = B10022 /* SettingsView.swift */; };
		A10023 /* RuffleBridge.swift in Sources */ = {isa = PBXBuildFile; fileRef = B10023 /* RuffleBridge.swift */; };
		A10024 /* StatusBarView.swift in Sources */ = {isa = PBXBuildFile; fileRef = B10024 /* StatusBarView.swift */; };
		A10025 /* NotificationName+Extensions.swift in Sources */ = {isa = PBXBuildFile; fileRef = B10025 /* NotificationName+Extensions.swift */; };
		A10026 /* Language.swift in Sources */ = {isa = PBXBuildFile; fileRef = B10026 /* Language.swift */; };
		A10027 /* BookmarkManager.swift in Sources */ = {isa = PBXBuildFile; fileRef = B10027 /* BookmarkManager.swift */; };
		A10028 /* LibraryPersistence.swift in Sources */ = {isa = PBXBuildFile; fileRef = B10028 /* LibraryPersistence.swift */; };
		A10029 /* LocalizationManager.swift in Sources */ = {isa = PBXBuildFile; fileRef = B10029 /* LocalizationManager.swift */; };
		A10030 /* DesignTokens.swift in Sources */ = {isa = PBXBuildFile; fileRef = B10030 /* DesignTokens.swift */; };
		A10031 /* dummy.c in Sources */ = {isa = PBXBuildFile; fileRef = B10031 /* dummy.c */; };
		A10032 /* Assets.xcassets in Resources */ = {isa = PBXBuildFile; fileRef = B10032 /* Assets.xcassets */; };
		A10033 /* zh-Hans.json in Resources */ = {isa = PBXBuildFile; fileRef = B10033 /* zh-Hans.json */; };
		A10034 /* en.json in Resources */ = {isa = PBXBuildFile; fileRef = B10034 /* en.json */; };
		A10038 /* IOSContentView.swift in Sources */ = {isa = PBXBuildFile; fileRef = B10041 /* IOSContentView.swift */; };
		A10039 /* IOSAppDelegate.swift in Sources */ = {isa = PBXBuildFile; fileRef = B10042 /* IOSAppDelegate.swift */; };
		A10040 /* FilePickerService.swift in Sources */ = {isa = PBXBuildFile; fileRef = B10043 /* FilePickerService.swift */; };
		A10041 /* InputProvider.swift in Sources */ = {isa = PBXBuildFile; fileRef = B10044 /* InputProvider.swift */; };
		A10042 /* MacFilePickerService.swift in Sources */ = {isa = PBXBuildFile; fileRef = B10045 /* MacFilePickerService.swift */; };
		A10043 /* MacInputProvider.swift in Sources */ = {isa = PBXBuildFile; fileRef = B10046 /* MacInputProvider.swift */; };
		A10044 /* IOSFilePickerService.swift in Sources */ = {isa = PBXBuildFile; fileRef = B10047 /* IOSFilePickerService.swift */; };
		A10045 /* IOSInputProvider.swift in Sources */ = {isa = PBXBuildFile; fileRef = B10048 /* IOSInputProvider.swift */; };
		A10046 /* AppCommandRouter.swift in Sources */ = {isa = PBXBuildFile; fileRef = B10050 /* AppCommandRouter.swift */; };
		A10047 /* en InfoPlist.strings in Resources */ = {isa = PBXBuildFile; fileRef = B10051 /* en InfoPlist.strings */; };
		A10048 /* zh-Hans InfoPlist.strings in Resources */ = {isa = PBXBuildFile; fileRef = B10052 /* zh-Hans InfoPlist.strings */; };
		A10049 /* MacMenuLocalizationService.swift in Sources */ = {isa = PBXBuildFile; fileRef = B10053 /* MacMenuLocalizationService.swift */; };
		A20001 /* LibraryItem.swift in Sources */ = {isa = PBXBuildFile; fileRef = B20001 /* LibraryItem.swift */; };
		A20002 /* LibraryService.swift in Sources */ = {isa = PBXBuildFile; fileRef = B20002 /* LibraryService.swift */; };
		A20003 /* ImportService.swift in Sources */ = {isa = PBXBuildFile; fileRef = B20003 /* ImportService.swift */; };
		A20004 /* PlayerViewModel.swift in Sources */ = {isa = PBXBuildFile; fileRef = B20004 /* PlayerViewModel.swift */; };
		A20005 /* PlayerIssue.swift in Sources */ = {isa = PBXBuildFile; fileRef = B20005 /* PlayerIssue.swift */; };
		A20006 /* SearchService.swift in Sources */ = {isa = PBXBuildFile; fileRef = B20006 /* SearchService.swift */; };
		A20007 /* SearchViewModel.swift in Sources */ = {isa = PBXBuildFile; fileRef = B20007 /* SearchViewModel.swift */; };
		A20008 /* SWFMetadata.swift in Sources */ = {isa = PBXBuildFile; fileRef = B20008 /* SWFMetadata.swift */; };
		A20009 /* ThumbnailService.swift in Sources */ = {isa = PBXBuildFile; fileRef = B20009 /* ThumbnailService.swift */; };
		A20010 /* PlayerMode.swift in Sources */ = {isa = PBXBuildFile; fileRef = B20010 /* PlayerMode.swift */; };
		A20011 /* PlayerInputCoordinator.swift in Sources */ = {isa = PBXBuildFile; fileRef = B20011 /* PlayerInputCoordinator.swift */; };
		A20012 /* PlayerModeMenu.swift in Sources */ = {isa = PBXBuildFile; fileRef = B20012 /* PlayerModeMenu.swift */; };
		A20013 /* CompatibilityReport.swift in Sources */ = {isa = PBXBuildFile; fileRef = B20013 /* CompatibilityReport.swift */; };
		A20014 /* DiagnosticsService.swift in Sources */ = {isa = PBXBuildFile; fileRef = B20014 /* DiagnosticsService.swift */; };
		A20015 /* DiagnosticsView.swift in Sources */ = {isa = PBXBuildFile; fileRef = B20015 /* DiagnosticsView.swift */; };
		A20016 /* LibraryCollection.swift in Sources */ = {isa = PBXBuildFile; fileRef = B20016 /* LibraryCollection.swift */; };
		A20017 /* CollectionService.swift in Sources */ = {isa = PBXBuildFile; fileRef = B20017 /* CollectionService.swift */; };
		A20018 /* LibraryItemDetailsView.swift in Sources */ = {isa = PBXBuildFile; fileRef = B20018 /* LibraryItemDetailsView.swift */; };
		A20019 /* SidebarCollectionsView.swift in Sources */ = {isa = PBXBuildFile; fileRef = B20019 /* SidebarCollectionsView.swift */; };
		A30001 /* PermissionPolicyService.swift in Sources */ = {isa = PBXBuildFile; fileRef = B30001 /* PermissionPolicyService.swift */; };
/* End PBXBuildFile section */

/* Begin PBXFileReference section */
		B10001 /* RuffleApp.swift */ = {isa = PBXFileReference; lastKnownFileType = sourcecode.swift; path = RuffleApp.swift; sourceTree = "<group>"; };
		B10002 /* AppDelegate.swift */ = {isa = PBXFileReference; lastKnownFileType = sourcecode.swift; path = AppDelegate.swift; sourceTree = "<group>"; };
		B10003 /* RuffleCommands.swift */ = {isa = PBXFileReference; lastKnownFileType = sourcecode.swift; path = RuffleCommands.swift; sourceTree = "<group>"; };
		B10004 /* AppState.swift */ = {isa = PBXFileReference; lastKnownFileType = sourcecode.swift; path = AppState.swift; sourceTree = "<group>"; };
		B10005 /* AppToolbar.swift */ = {isa = PBXFileReference; lastKnownFileType = sourcecode.swift; path = AppToolbar.swift; sourceTree = "<group>"; };
		B10006 /* AboutWindow.swift */ = {isa = PBXFileReference; lastKnownFileType = sourcecode.swift; path = AboutWindow.swift; sourceTree = "<group>"; };
		B10007 /* ContentView.swift */ = {isa = PBXFileReference; lastKnownFileType = sourcecode.swift; path = ContentView.swift; sourceTree = "<group>"; };
		B10008 /* AppSidebar.swift */ = {isa = PBXFileReference; lastKnownFileType = sourcecode.swift; path = AppSidebar.swift; sourceTree = "<group>"; };
		B10010 /* EmptyStateView.swift */ = {isa = PBXFileReference; lastKnownFileType = sourcecode.swift; path = EmptyStateView.swift; sourceTree = "<group>"; };
		B10011 /* FavoritesGridView.swift */ = {isa = PBXFileReference; lastKnownFileType = sourcecode.swift; path = FavoritesGridView.swift; sourceTree = "<group>"; };
		B10012 /* LibraryContentView.swift */ = {isa = PBXFileReference; lastKnownFileType = sourcecode.swift; path = LibraryContentView.swift; sourceTree = "<group>"; };
		B10013 /* LibraryFileCell.swift */ = {isa = PBXFileReference; lastKnownFileType = sourcecode.swift; path = LibraryFileCell.swift; sourceTree = "<group>"; };
		B10014 /* RecentFileRow.swift */ = {isa = PBXFileReference; lastKnownFileType = sourcecode.swift; path = RecentFileRow.swift; sourceTree = "<group>"; };
		B10015 /* RecentListView.swift */ = {isa = PBXFileReference; lastKnownFileType = sourcecode.swift; path = RecentListView.swift; sourceTree = "<group>"; };
		B10016 /* PlayerControlBar.swift */ = {isa = PBXFileReference; lastKnownFileType = sourcecode.swift; path = PlayerControlBar.swift; sourceTree = "<group>"; };
		B10017 /* RufflePlayerView.swift */ = {isa = PBXFileReference; lastKnownFileType = sourcecode.swift; path = RufflePlayerView.swift; sourceTree = "<group>"; };
		B10018 /* DebugOverlayView.swift */ = {isa = PBXFileReference; lastKnownFileType = sourcecode.swift; path = DebugOverlayView.swift; sourceTree = "<group>"; };
		B10019 /* SWFInfoPanel.swift */ = {isa = PBXFileReference; lastKnownFileType = sourcecode.swift; path = SWFInfoPanel.swift; sourceTree = "<group>"; };
		B10020 /* TraceConsoleView.swift */ = {isa = PBXFileReference; lastKnownFileType = sourcecode.swift; path = TraceConsoleView.swift; sourceTree = "<group>"; };
		B10021 /* SettingsPersistence.swift */ = {isa = PBXFileReference; lastKnownFileType = sourcecode.swift; path = SettingsPersistence.swift; sourceTree = "<group>"; };
		B10022 /* SettingsView.swift */ = {isa = PBXFileReference; lastKnownFileType = sourcecode.swift; path = SettingsView.swift; sourceTree = "<group>"; };
		B10023 /* RuffleBridge.swift */ = {isa = PBXFileReference; lastKnownFileType = sourcecode.swift; path = RuffleBridge.swift; sourceTree = "<group>"; };
		B10024 /* StatusBarView.swift */ = {isa = PBXFileReference; lastKnownFileType = sourcecode.swift; path = StatusBarView.swift; sourceTree = "<group>"; };
		B10025 /* NotificationName+Extensions.swift */ = {isa = PBXFileReference; lastKnownFileType = sourcecode.swift; path = "NotificationName+Extensions.swift"; sourceTree = "<group>"; };
		B10026 /* Language.swift */ = {isa = PBXFileReference; lastKnownFileType = sourcecode.swift; path = Language.swift; sourceTree = "<group>"; };
		B10027 /* BookmarkManager.swift */ = {isa = PBXFileReference; lastKnownFileType = sourcecode.swift; path = BookmarkManager.swift; sourceTree = "<group>"; };
		B10028 /* LibraryPersistence.swift */ = {isa = PBXFileReference; lastKnownFileType = sourcecode.swift; path = LibraryPersistence.swift; sourceTree = "<group>"; };
		B10029 /* LocalizationManager.swift */ = {isa = PBXFileReference; lastKnownFileType = sourcecode.swift; path = LocalizationManager.swift; sourceTree = "<group>"; };
		B10030 /* DesignTokens.swift */ = {isa = PBXFileReference; lastKnownFileType = sourcecode.swift; path = DesignTokens.swift; sourceTree = "<group>"; };
		B10031 /* dummy.c */ = {isa = PBXFileReference; lastKnownFileType = sourcecode.c.c; path = dummy.c; sourceTree = "<group>"; };
		B10032 /* Assets.xcassets */ = {isa = PBXFileReference; lastKnownFileType = folder.assetcatalog; path = Assets.xcassets; sourceTree = "<group>"; };
		B10033 /* zh-Hans.json */ = {isa = PBXFileReference; lastKnownFileType = text.json; path = "zh-Hans.json"; sourceTree = "<group>"; };
		B10034 /* en.json */ = {isa = PBXFileReference; lastKnownFileType = text.json; path = en.json; sourceTree = "<group>"; };
		B10035 /* libruffle_ffi.a */ = {isa = PBXFileReference; lastKnownFileType = archive.ar; name = libruffle_ffi.a; path = CRuffleFFI/libruffle_ffi.a; sourceTree = "<group>"; };
		B10036 /* ruffle_ffi.h */ = {isa = PBXFileReference; lastKnownFileType = sourcecode.c.h; name = ruffle_ffi.h; path = CRuffleFFI/ruffle_ffi.h; sourceTree = "<group>"; };
		B10037 /* RuffleBridgingHeader.h */ = {isa = PBXFileReference; lastKnownFileType = sourcecode.c.h; path = RuffleBridgingHeader.h; sourceTree = "<group>"; };
		B10038 /* Info.plist */ = {isa = PBXFileReference; lastKnownFileType = text.plist.xml; path = Info.plist; sourceTree = "<group>"; };
		B10041 /* IOSContentView.swift */ = {isa = PBXFileReference; lastKnownFileType = sourcecode.swift; path = IOSContentView.swift; sourceTree = "<group>"; };
		B10042 /* IOSAppDelegate.swift */ = {isa = PBXFileReference; lastKnownFileType = sourcecode.swift; path = IOSAppDelegate.swift; sourceTree = "<group>"; };
		B10043 /* FilePickerService.swift */ = {isa = PBXFileReference; lastKnownFileType = sourcecode.swift; path = FilePickerService.swift; sourceTree = "<group>"; };
		B10044 /* InputProvider.swift */ = {isa = PBXFileReference; lastKnownFileType = sourcecode.swift; path = InputProvider.swift; sourceTree = "<group>"; };
		B10045 /* MacFilePickerService.swift */ = {isa = PBXFileReference; lastKnownFileType = sourcecode.swift; path = MacFilePickerService.swift; sourceTree = "<group>"; };
		B10046 /* MacInputProvider.swift */ = {isa = PBXFileReference; lastKnownFileType = sourcecode.swift; path = MacInputProvider.swift; sourceTree = "<group>"; };
		B10047 /* IOSFilePickerService.swift */ = {isa = PBXFileReference; lastKnownFileType = sourcecode.swift; path = IOSFilePickerService.swift; sourceTree = "<group>"; };
		B10048 /* IOSInputProvider.swift */ = {isa = PBXFileReference; lastKnownFileType = sourcecode.swift; path = IOSInputProvider.swift; sourceTree = "<group>"; };
		B10049 /* Info-iOS.plist */ = {isa = PBXFileReference; lastKnownFileType = text.plist.xml; path = "Info-iOS.plist"; sourceTree = "<group>"; };
		B10050 /* AppCommandRouter.swift */ = {isa = PBXFileReference; lastKnownFileType = sourcecode.swift; path = AppCommandRouter.swift; sourceTree = "<group>"; };
		B10051 /* en InfoPlist.strings */ = {isa = PBXFileReference; lastKnownFileType = text.plist.strings; name = "en InfoPlist.strings"; path = en.lproj/InfoPlist.strings; sourceTree = "<group>"; };
		B10052 /* zh-Hans InfoPlist.strings */ = {isa = PBXFileReference; lastKnownFileType = text.plist.strings; name = "zh-Hans InfoPlist.strings"; path = "zh-Hans.lproj/InfoPlist.strings"; sourceTree = "<group>"; };
		B10053 /* MacMenuLocalizationService.swift */ = {isa = PBXFileReference; lastKnownFileType = sourcecode.swift; path = MacMenuLocalizationService.swift; sourceTree = "<group>"; };
		B20001 /* LibraryItem.swift */ = {isa = PBXFileReference; lastKnownFileType = sourcecode.swift; path = LibraryItem.swift; sourceTree = "<group>"; };
		B20002 /* LibraryService.swift */ = {isa = PBXFileReference; lastKnownFileType = sourcecode.swift; path = LibraryService.swift; sourceTree = "<group>"; };
		B20003 /* ImportService.swift */ = {isa = PBXFileReference; lastKnownFileType = sourcecode.swift; path = ImportService.swift; sourceTree = "<group>"; };
		B20004 /* PlayerViewModel.swift */ = {isa = PBXFileReference; lastKnownFileType = sourcecode.swift; path = PlayerViewModel.swift; sourceTree = "<group>"; };
		B20005 /* PlayerIssue.swift */ = {isa = PBXFileReference; lastKnownFileType = sourcecode.swift; path = PlayerIssue.swift; sourceTree = "<group>"; };
		B20006 /* SearchService.swift */ = {isa = PBXFileReference; lastKnownFileType = sourcecode.swift; path = SearchService.swift; sourceTree = "<group>"; };
		B20007 /* SearchViewModel.swift */ = {isa = PBXFileReference; lastKnownFileType = sourcecode.swift; path = SearchViewModel.swift; sourceTree = "<group>"; };
		B20008 /* SWFMetadata.swift */ = {isa = PBXFileReference; lastKnownFileType = sourcecode.swift; path = SWFMetadata.swift; sourceTree = "<group>"; };
		B20009 /* ThumbnailService.swift */ = {isa = PBXFileReference; lastKnownFileType = sourcecode.swift; path = ThumbnailService.swift; sourceTree = "<group>"; };
		B20010 /* PlayerMode.swift */ = {isa = PBXFileReference; lastKnownFileType = sourcecode.swift; path = PlayerMode.swift; sourceTree = "<group>"; };
		B20011 /* PlayerInputCoordinator.swift */ = {isa = PBXFileReference; lastKnownFileType = sourcecode.swift; path = PlayerInputCoordinator.swift; sourceTree = "<group>"; };
		B20012 /* PlayerModeMenu.swift */ = {isa = PBXFileReference; lastKnownFileType = sourcecode.swift; path = PlayerModeMenu.swift; sourceTree = "<group>"; };
		B20013 /* CompatibilityReport.swift */ = {isa = PBXFileReference; lastKnownFileType = sourcecode.swift; path = CompatibilityReport.swift; sourceTree = "<group>"; };
		B20014 /* DiagnosticsService.swift */ = {isa = PBXFileReference; lastKnownFileType = sourcecode.swift; path = DiagnosticsService.swift; sourceTree = "<group>"; };
		B20015 /* DiagnosticsView.swift */ = {isa = PBXFileReference; lastKnownFileType = sourcecode.swift; path = DiagnosticsView.swift; sourceTree = "<group>"; };
		B20016 /* LibraryCollection.swift */ = {isa = PBXFileReference; lastKnownFileType = sourcecode.swift; path = LibraryCollection.swift; sourceTree = "<group>"; };
		B20017 /* CollectionService.swift */ = {isa = PBXFileReference; lastKnownFileType = sourcecode.swift; path = CollectionService.swift; sourceTree = "<group>"; };
		B20018 /* LibraryItemDetailsView.swift */ = {isa = PBXFileReference; lastKnownFileType = sourcecode.swift; path = LibraryItemDetailsView.swift; sourceTree = "<group>"; };
		B20019 /* SidebarCollectionsView.swift */ = {isa = PBXFileReference; lastKnownFileType = sourcecode.swift; path = SidebarCollectionsView.swift; sourceTree = "<group>"; };
		B30001 /* PermissionPolicyService.swift */ = {isa = PBXFileReference; lastKnownFileType = sourcecode.swift; path = PermissionPolicyService.swift; sourceTree = "<group>"; };
		C10099 /* Ruffnova.app */ = {isa = PBXFileReference; explicitFileType = wrapper.application; includeInIndex = 0; path = Ruffnova.app; sourceTree = BUILT_PRODUCTS_DIR; };
/* End PBXFileReference section */

/* Begin PBXFrameworksBuildPhase section */
		D10001 /* Frameworks */ = {
			isa = PBXFrameworksBuildPhase;
			buildActionMask = 2147483647;
			files = (
			);
			runOnlyForDeploymentPostprocessing = 0;
		};
/* End PBXFrameworksBuildPhase section */

/* Begin PBXGroup section */
		G10000 = {
			isa = PBXGroup;
			children = (
				G10099 /* Products */,
				G10100 /* App */,
				G10800 /* Core */,
				G10200 /* Features */,
				G10300 /* Shared */,
				G10400 /* Ruffle */,
				G10700 /* Platform */,
				B10032 /* Assets.xcassets */,
				B10037 /* RuffleBridgingHeader.h */,
				B10038 /* Info.plist */,
				B10049 /* Info-iOS.plist */,
				G10500 /* CRuffleFFI */,
				G10600 /* Resources */,
			);
			sourceTree = "<group>";
		};
		G10099 /* Products */ = {
			isa = PBXGroup;
			children = (
				C10099 /* Ruffnova.app */,
			);
			name = Products;
			sourceTree = "<group>";
		};
		G10100 /* App */ = {
			isa = PBXGroup;
			children = (
				B10001 /* RuffleApp.swift */,
				B10002 /* AppDelegate.swift */,
				G10120 /* Commands */,
				G10130 /* Environment */,
				G10140 /* Toolbar */,
				G10110 /* Windows */,
				G10150 /* iOS */,
			);
			path = App;
			sourceTree = "<group>";
		};
		G10110 /* Windows */ = {
			isa = PBXGroup;
			children = (
				B10006 /* AboutWindow.swift */,
				B10007 /* ContentView.swift */,
			);
			path = Windows;
			sourceTree = "<group>";
		};
		G10120 /* Commands */ = {
			isa = PBXGroup;
			children = (
				B10003 /* RuffleCommands.swift */,
				B10050 /* AppCommandRouter.swift */,
			);
			path = Commands;
			sourceTree = "<group>";
		};
		G10130 /* Environment */ = {
			isa = PBXGroup;
			children = (
				B10004 /* AppState.swift */,
			);
			path = Environment;
			sourceTree = "<group>";
		};
		G10140 /* Toolbar */ = {
			isa = PBXGroup;
			children = (
				B10005 /* AppToolbar.swift */,
			);
			path = Toolbar;
			sourceTree = "<group>";
		};
		G10150 /* iOS */ = {
			isa = PBXGroup;
			children = (
				B10042 /* IOSAppDelegate.swift */,
			);
			path = iOS;
			sourceTree = "<group>";
		};
		G10200 /* Features */ = {
			isa = PBXGroup;
			children = (
				G20030 /* Diagnostics */,
				G20020 /* Import */,
				G10210 /* Library */,
				G10220 /* Player */,
				G20050 /* Search */,
				G10230 /* Settings */,
			);
			path = Features;
			sourceTree = "<group>";
		};
		G10210 /* Library */ = {
			isa = PBXGroup;
			children = (
				G20010 /* Models */,
				G20011 /* Services */,
				G10211 /* Views */,
			);
			path = Library;
			sourceTree = "<group>";
		};
		G10211 /* Views */ = {
			isa = PBXGroup;
			children = (
				B10008 /* AppSidebar.swift */,
				B10010 /* EmptyStateView.swift */,
				B10011 /* FavoritesGridView.swift */,
				B10012 /* LibraryContentView.swift */,
				B10013 /* LibraryFileCell.swift */,
				B20018 /* LibraryItemDetailsView.swift */,
				B10014 /* RecentFileRow.swift */,
				B10015 /* RecentListView.swift */,
				B20019 /* SidebarCollectionsView.swift */,
			);
			path = Views;
			sourceTree = "<group>";
		};
		G10220 /* Player */ = {
			isa = PBXGroup;
			children = (
				G10221 /* Controls */,
				G20060 /* Models */,
				G10222 /* Rendering */,
				G20061 /* Services */,
				G20040 /* ViewModels */,
				G10223 /* Views */,
			);
			path = Player;
			sourceTree = "<group>";
		};
		G10221 /* Controls */ = {
			isa = PBXGroup;
			children = (
				B10016 /* PlayerControlBar.swift */,
				B20012 /* PlayerModeMenu.swift */,
			);
			path = Controls;
			sourceTree = "<group>";
		};
		G10222 /* Rendering */ = {
			isa = PBXGroup;
			children = (
				B10017 /* RufflePlayerView.swift */,
			);
			path = Rendering;
			sourceTree = "<group>";
		};
		G10223 /* Views */ = {
			isa = PBXGroup;
			children = (
				B10018 /* DebugOverlayView.swift */,
				B10019 /* SWFInfoPanel.swift */,
				B10020 /* TraceConsoleView.swift */,
			);
			path = Views;
			sourceTree = "<group>";
		};
		G10230 /* Settings */ = {
			isa = PBXGroup;
			children = (
				G10231 /* Models */,
				G10232 /* Views */,
			);
			path = Settings;
			sourceTree = "<group>";
		};
		G10231 /* Models */ = {
			isa = PBXGroup;
			children = (
				B10021 /* SettingsPersistence.swift */,
			);
			path = Models;
			sourceTree = "<group>";
		};
		G10232 /* Views */ = {
			isa = PBXGroup;
			children = (
				B10022 /* SettingsView.swift */,
			);
			path = Views;
			sourceTree = "<group>";
		};
		G10300 /* Shared */ = {
			isa = PBXGroup;
			children = (
				G10310 /* Components */,
				G10320 /* Extensions */,
				G10330 /* Models */,
				G10340 /* Persistence */,
				G10350 /* Services */,
				G10360 /* Styles */,
				G10370 /* Protocols */,
			);
			path = Shared;
			sourceTree = "<group>";
		};
		G10310 /* Components */ = {
			isa = PBXGroup;
			children = (
				B10024 /* StatusBarView.swift */,
			);
			path = Components;
			sourceTree = "<group>";
		};
		G10320 /* Extensions */ = {
			isa = PBXGroup;
			children = (
				B10025 /* NotificationName+Extensions.swift */,
			);
			path = Extensions;
			sourceTree = "<group>";
		};
		G10330 /* Models */ = {
			isa = PBXGroup;
			children = (
				B10026 /* Language.swift */,
			);
			path = Models;
			sourceTree = "<group>";
		};
		G10340 /* Persistence */ = {
			isa = PBXGroup;
			children = (
				B10027 /* BookmarkManager.swift */,
				B10028 /* LibraryPersistence.swift */,
			);
			path = Persistence;
			sourceTree = "<group>";
		};
		G10350 /* Services */ = {
			isa = PBXGroup;
			children = (
				B10029 /* LocalizationManager.swift */,
			);
			path = Services;
			sourceTree = "<group>";
		};
		G10360 /* Styles */ = {
			isa = PBXGroup;
			children = (
				B10030 /* DesignTokens.swift */,
			);
			path = Styles;
			sourceTree = "<group>";
		};
		G10370 /* Protocols */ = {
			isa = PBXGroup;
			children = (
				B10043 /* FilePickerService.swift */,
				B10044 /* InputProvider.swift */,
			);
			path = Protocols;
			sourceTree = "<group>";
		};
		G10400 /* Ruffle */ = {
			isa = PBXGroup;
			children = (
				G10410 /* Bridge */,
			);
			path = Ruffle;
			sourceTree = "<group>";
		};
		G10410 /* Bridge */ = {
			isa = PBXGroup;
			children = (
				B10023 /* RuffleBridge.swift */,
			);
			path = Bridge;
			sourceTree = "<group>";
		};
		G10500 /* CRuffleFFI */ = {
			isa = PBXGroup;
			children = (
				B10031 /* dummy.c */,
				B10035 /* libruffle_ffi.a */,
				B10036 /* ruffle_ffi.h */,
			);
			path = CRuffleFFI;
			sourceTree = "<group>";
		};
		G10600 /* Resources */ = {
			isa = PBXGroup;
			children = (
				B10033 /* zh-Hans.json */,
				B10034 /* en.json */,
				B10051 /* en InfoPlist.strings */,
				B10052 /* zh-Hans InfoPlist.strings */,
			);
			path = Resources;
			sourceTree = "<group>";
		};
		G10700 /* Platform */ = {
			isa = PBXGroup;
			children = (
				G10710 /* macOS */,
				G10720 /* iOS */,
			);
			path = Platform;
			sourceTree = "<group>";
		};
		G10710 /* macOS */ = {
			isa = PBXGroup;
			children = (
				G10711 /* Services */,
			);
			path = macOS;
			sourceTree = "<group>";
		};
		G10711 /* Services */ = {
			isa = PBXGroup;
			children = (
				B10045 /* MacFilePickerService.swift */,
				B10046 /* MacInputProvider.swift */,
				B10053 /* MacMenuLocalizationService.swift */,
			);
			path = Services;
			sourceTree = "<group>";
		};
		G10720 /* iOS */ = {
			isa = PBXGroup;
			children = (
				G10721 /* Services */,
				G10722 /* Views */,
			);
			path = iOS;
			sourceTree = "<group>";
		};
		G10721 /* Services */ = {
			isa = PBXGroup;
			children = (
				B10047 /* IOSFilePickerService.swift */,
				B10048 /* IOSInputProvider.swift */,
			);
			path = Services;
			sourceTree = "<group>";
		};
		G10722 /* Views */ = {
			isa = PBXGroup;
			children = (
				B10041 /* IOSContentView.swift */,
			);
			path = Views;
			sourceTree = "<group>";
		};
		G10800 /* Core */ = {
			isa = PBXGroup;
			children = (
				G10810 /* Security */,
			);
			path = Core;
			sourceTree = "<group>";
		};
		G10810 /* Security */ = {
			isa = PBXGroup;
			children = (
				B30001 /* PermissionPolicyService.swift */,
			);
			path = Security;
			sourceTree = "<group>";
		};
		G20010 /* Models */ = {
			isa = PBXGroup;
			children = (
				B20001 /* LibraryItem.swift */,
				B20016 /* LibraryCollection.swift */,
				B20008 /* SWFMetadata.swift */,
			);
			path = Models;
			sourceTree = "<group>";
		};
		G20011 /* Services */ = {
			isa = PBXGroup;
			children = (
				B20017 /* CollectionService.swift */,
				B20002 /* LibraryService.swift */,
				B20009 /* ThumbnailService.swift */,
			);
			path = Services;
			sourceTree = "<group>";
		};
		G20020 /* Import */ = {
			isa = PBXGroup;
			children = (
				G20021 /* Services */,
			);
			path = Import;
			sourceTree = "<group>";
		};
		G20021 /* Services */ = {
			isa = PBXGroup;
			children = (
				B20003 /* ImportService.swift */,
			);
			path = Services;
			sourceTree = "<group>";
		};
		G20030 /* Diagnostics */ = {
			isa = PBXGroup;
			children = (
				G20031 /* Models */,
				G20032 /* Services */,
				G20033 /* Views */,
			);
			path = Diagnostics;
			sourceTree = "<group>";
		};
		G20031 /* Models */ = {
			isa = PBXGroup;
			children = (
				B20013 /* CompatibilityReport.swift */,
				B20005 /* PlayerIssue.swift */,
			);
			path = Models;
			sourceTree = "<group>";
		};
		G20032 /* Services */ = {
			isa = PBXGroup;
			children = (
				B20014 /* DiagnosticsService.swift */,
			);
			path = Services;
			sourceTree = "<group>";
		};
		G20033 /* Views */ = {
			isa = PBXGroup;
			children = (
				B20015 /* DiagnosticsView.swift */,
			);
			path = Views;
			sourceTree = "<group>";
		};
		G20040 /* ViewModels */ = {
			isa = PBXGroup;
			children = (
				B20004 /* PlayerViewModel.swift */,
			);
			path = ViewModels;
			sourceTree = "<group>";
		};
		G20050 /* Search */ = {
			isa = PBXGroup;
			children = (
				G20051 /* Services */,
				G20052 /* ViewModels */,
			);
			path = Search;
			sourceTree = "<group>";
		};
		G20051 /* Services */ = {
			isa = PBXGroup;
			children = (
				B20006 /* SearchService.swift */,
			);
			path = Services;
			sourceTree = "<group>";
		};
		G20052 /* ViewModels */ = {
			isa = PBXGroup;
			children = (
				B20007 /* SearchViewModel.swift */,
			);
			path = ViewModels;
			sourceTree = "<group>";
		};
		G20060 /* Models */ = {
			isa = PBXGroup;
			children = (
				B20010 /* PlayerMode.swift */,
			);
			path = Models;
			sourceTree = "<group>";
		};
		G20061 /* Services */ = {
			isa = PBXGroup;
			children = (
				B20011 /* PlayerInputCoordinator.swift */,
			);
			path = Services;
			sourceTree = "<group>";
		};
/* End PBXGroup section */

/* Begin PBXNativeTarget section */
		T10001 /* Ruffnova */ = {
			isa = PBXNativeTarget;
			buildConfigurationList = L10001 /* Build configuration list for PBXNativeTarget "Ruffnova" */;
			buildPhases = (
				D10002 /* Sources */,
				D10001 /* Frameworks */,
				D10003 /* Resources */,
			);
			buildRules = (
			);
			dependencies = (
			);
			name = Ruffnova;
			productName = Ruffnova;
			productReference = C10099 /* Ruffnova.app */;
			productType = "com.apple.product-type.application";
		};
/* End PBXNativeTarget section */

/* Begin PBXProject section */
		P10001 /* Project object */ = {
			isa = PBXProject;
			attributes = {
				BuildIndependentTargetsInParallel = 1;
				LastUpgradeCheck = 1540;
			};
			buildConfigurationList = L10000 /* Build configuration list for PBXProject "Ruffnova" */;
			compatibilityVersion = "Xcode 14.0";
			developmentRegion = en;
			hasScannedForEncodings = 0;
			knownRegions = (
				en,
				"zh-Hans",
			);
			mainGroup = G10000;
			productRefGroup = G10099 /* Products */;
			projectDirPath = "";
			projectRoot = "";
			targets = (
				T10001 /* Ruffnova */,
			);
		};
/* End PBXProject section */

/* Begin PBXResourcesBuildPhase section */
		D10003 /* Resources */ = {
			isa = PBXResourcesBuildPhase;
			buildActionMask = 2147483647;
			files = (
				A10032 /* Assets.xcassets in Resources */,
				A10033 /* zh-Hans.json in Resources */,
				A10034 /* en.json in Resources */,
				A10047 /* en InfoPlist.strings in Resources */,
				A10048 /* zh-Hans InfoPlist.strings in Resources */,
			);
			runOnlyForDeploymentPostprocessing = 0;
		};
/* End PBXResourcesBuildPhase section */

/* Begin PBXSourcesBuildPhase section */
		D10002 /* Sources */ = {
			isa = PBXSourcesBuildPhase;
			buildActionMask = 2147483647;
			files = (
				A10001 /* RuffleApp.swift in Sources */,
				A10002 /* AppDelegate.swift in Sources */,
				A10003 /* RuffleCommands.swift in Sources */,
				A10046 /* AppCommandRouter.swift in Sources */,
				A10004 /* AppState.swift in Sources */,
				A10005 /* AppToolbar.swift in Sources */,
				A10006 /* AboutWindow.swift in Sources */,
				A10007 /* ContentView.swift in Sources */,
				A10008 /* AppSidebar.swift in Sources */,
				A10010 /* EmptyStateView.swift in Sources */,
				A10011 /* FavoritesGridView.swift in Sources */,
				A10012 /* LibraryContentView.swift in Sources */,
				A10013 /* LibraryFileCell.swift in Sources */,
				A20001 /* LibraryItem.swift in Sources */,
				A20002 /* LibraryService.swift in Sources */,
				A10014 /* RecentFileRow.swift in Sources */,
				A10015 /* RecentListView.swift in Sources */,
				A20003 /* ImportService.swift in Sources */,
				A10016 /* PlayerControlBar.swift in Sources */,
				A10017 /* RufflePlayerView.swift in Sources */,
				A20004 /* PlayerViewModel.swift in Sources */,
				A10018 /* DebugOverlayView.swift in Sources */,
				A10019 /* SWFInfoPanel.swift in Sources */,
				A10020 /* TraceConsoleView.swift in Sources */,
				A20005 /* PlayerIssue.swift in Sources */,
				A10021 /* SettingsPersistence.swift in Sources */,
				A10022 /* SettingsView.swift in Sources */,
				A10023 /* RuffleBridge.swift in Sources */,
				A10024 /* StatusBarView.swift in Sources */,
				A10025 /* NotificationName+Extensions.swift in Sources */,
				A10026 /* Language.swift in Sources */,
				A10027 /* BookmarkManager.swift in Sources */,
				A10028 /* LibraryPersistence.swift in Sources */,
				A10029 /* LocalizationManager.swift in Sources */,
				A10030 /* DesignTokens.swift in Sources */,
				A10031 /* dummy.c in Sources */,
				A10038 /* IOSContentView.swift in Sources */,
				A10039 /* IOSAppDelegate.swift in Sources */,
				A10040 /* FilePickerService.swift in Sources */,
				A10041 /* InputProvider.swift in Sources */,
				A10042 /* MacFilePickerService.swift in Sources */,
				A10043 /* MacInputProvider.swift in Sources */,
				A10049 /* MacMenuLocalizationService.swift in Sources */,
				A10044 /* IOSFilePickerService.swift in Sources */,
				A10045 /* IOSInputProvider.swift in Sources */,
				A20006 /* SearchService.swift in Sources */,
				A20007 /* SearchViewModel.swift in Sources */,
				A20008 /* SWFMetadata.swift in Sources */,
				A20009 /* ThumbnailService.swift in Sources */,
				A20010 /* PlayerMode.swift in Sources */,
				A20011 /* PlayerInputCoordinator.swift in Sources */,
				A20012 /* PlayerModeMenu.swift in Sources */,
				A20013 /* CompatibilityReport.swift in Sources */,
				A20014 /* DiagnosticsService.swift in Sources */,
				A20015 /* DiagnosticsView.swift in Sources */,
				A20016 /* LibraryCollection.swift in Sources */,
				A20017 /* CollectionService.swift in Sources */,
				A20018 /* LibraryItemDetailsView.swift in Sources */,
				A20019 /* SidebarCollectionsView.swift in Sources */,
				A30001 /* PermissionPolicyService.swift in Sources */,
			);
			runOnlyForDeploymentPostprocessing = 0;
		};
/* End PBXSourcesBuildPhase section */

/* Begin XCBuildConfiguration section */
		X10001 /* Debug */ = {
			isa = XCBuildConfiguration;
			buildSettings = {
				ALWAYS_SEARCH_USER_PATHS = NO;
				CLANG_ANALYZER_NONNULL = YES;
				CLANG_CXX_LANGUAGE_STANDARD = "gnu++20";
				CLANG_ENABLE_MODULES = YES;
				CLANG_ENABLE_OBJC_ARC = YES;
				COPY_PHASE_STRIP = NO;
				DEBUG_INFORMATION_FORMAT = dwarf;
				ENABLE_STRICT_OBJC_MSGSEND = YES;
				ENABLE_TESTABILITY = YES;
				GCC_DYNAMIC_NO_PIC = NO;
				GCC_OPTIMIZATION_LEVEL = 0;
				GCC_PREPROCESSOR_DEFINITIONS = (
					"DEBUG=1",
					"$(inherited)",
				);
				GCC_WARN_64_TO_32_BIT_CONVERSION = YES;
				GCC_WARN_ABOUT_RETURN_TYPE = YES_ERROR;
				GCC_WARN_UNDECLARED_SELECTOR = YES;
				GCC_WARN_UNINITIALIZED_AUTOS = YES_AGGRESSIVE;
				GCC_WARN_UNUSED_FUNCTION = YES;
				GCC_WARN_UNUSED_VARIABLE = YES;
				MACOSX_DEPLOYMENT_TARGET = 13.0;
				MTL_ENABLE_DEBUG_INFO = INCLUDE_SOURCE;
				ONLY_ACTIVE_ARCH = YES;
				SDKROOT = macosx;
				SWIFT_ACTIVE_COMPILATION_CONDITIONS = DEBUG;
				SWIFT_OPTIMIZATION_LEVEL = "-Onone";
			};
			name = Debug;
		};
		X10002 /* Release */ = {
			isa = XCBuildConfiguration;
			buildSettings = {
				ALWAYS_SEARCH_USER_PATHS = NO;
				CLANG_ANALYZER_NONNULL = YES;
				CLANG_CXX_LANGUAGE_STANDARD = "gnu++20";
				CLANG_ENABLE_MODULES = YES;
				CLANG_ENABLE_OBJC_ARC = YES;
				COPY_PHASE_STRIP = NO;
				DEBUG_INFORMATION_FORMAT = "dwarf-with-dsym";
				ENABLE_NS_ASSERTIONS = NO;
				ENABLE_STRICT_OBJC_MSGSEND = YES;
				GCC_WARN_64_TO_32_BIT_CONVERSION = YES;
				GCC_WARN_ABOUT_RETURN_TYPE = YES_ERROR;
				GCC_WARN_UNDECLARED_SELECTOR = YES;
				GCC_WARN_UNINITIALIZED_AUTOS = YES_AGGRESSIVE;
				GCC_WARN_UNUSED_FUNCTION = YES;
				GCC_WARN_UNUSED_VARIABLE = YES;
				MACOSX_DEPLOYMENT_TARGET = 13.0;
				MTL_ENABLE_DEBUG_INFO = NO;
				SDKROOT = macosx;
				SWIFT_COMPILATION_MODE = wholemodule;
				SWIFT_OPTIMIZATION_LEVEL = "-O";
			};
			name = Release;
		};
		X10011 /* Debug */ = {
			isa = XCBuildConfiguration;
			buildSettings = {
				ASSETCATALOG_COMPILER_APPICON_NAME = AppIcon;
				CODE_SIGN_STYLE = Automatic;
				COMBINE_HIDPI_IMAGES = YES;
				CURRENT_PROJECT_VERSION = 1;
				DEVELOPMENT_TEAM = B8NH9LK6K6;
				ENABLE_DEBUG_DYLIB = NO;
				INFOPLIST_FILE = Info.plist;
				"INFOPLIST_FILE[sdk=iphoneos*]" = "Info-iOS.plist";
				"INFOPLIST_FILE[sdk=macosx*]" = Info.plist;
				INFOPLIST_KEY_CFBundleDisplayName = Ruffnova;
				INFOPLIST_KEY_LSApplicationCategoryType = "public.app-category.utilities";
				IPHONEOS_DEPLOYMENT_TARGET = 17.0;
				LD_RUNPATH_SEARCH_PATHS = (
					"$(inherited)",
					"@executable_path/../Frameworks",
				);
				LIBRARY_SEARCH_PATHS = "$(SRCROOT)/CRuffleFFI";
				"LIBRARY_SEARCH_PATHS[sdk=iphoneos*]" = "$(SRCROOT)/CRuffleFFI/ios";
				"LIBRARY_SEARCH_PATHS[sdk=macosx*]" = "$(SRCROOT)/CRuffleFFI/macos";
				MARKETING_VERSION = 0.1;
				OTHER_LDFLAGS = "$(inherited)";
				"OTHER_LDFLAGS[sdk=iphoneos*]" = (
					"$(inherited)",
					"$(SRCROOT)/CRuffleFFI/ios/libruffle_ffi.a",
					"-framework",
					AudioToolbox,
					"-framework",
					CoreAudio,
				);
				"OTHER_LDFLAGS[sdk=macosx*]" = (
					"$(inherited)",
					"$(SRCROOT)/CRuffleFFI/macos/libruffle_ffi.a",
					"-framework",
					AudioToolbox,
					"-framework",
					AudioUnit,
					"-framework",
					CoreAudio,
					"-framework",
					SystemConfiguration,
				);
				OTHER_SWIFT_FLAGS = "$(inherited) -DRUST_FFI_AVAILABLE";
				PRODUCT_BUNDLE_IDENTIFIER = app.ruffnova.native;
				PRODUCT_NAME = "$(TARGET_NAME)";
				SUPPORTED_PLATFORMS = "iphoneos macosx";
				SUPPORTS_MACCATALYST = NO;
				SWIFT_INCLUDE_PATHS = "$(SRCROOT)/CRuffleFFI";
				SWIFT_OBJC_BRIDGING_HEADER = RuffleBridgingHeader.h;
				SWIFT_VERSION = 5.0;
				TARGETED_DEVICE_FAMILY = "1,2";
			};
			name = Debug;
		};
		X10012 /* Release */ = {
			isa = XCBuildConfiguration;
			buildSettings = {
				ASSETCATALOG_COMPILER_APPICON_NAME = AppIcon;
				CODE_SIGN_STYLE = Automatic;
				COMBINE_HIDPI_IMAGES = YES;
				CURRENT_PROJECT_VERSION = 1;
				DEVELOPMENT_TEAM = B8NH9LK6K6;
				INFOPLIST_FILE = Info.plist;
				"INFOPLIST_FILE[sdk=iphoneos*]" = "Info-iOS.plist";
				"INFOPLIST_FILE[sdk=macosx*]" = Info.plist;
				INFOPLIST_KEY_CFBundleDisplayName = Ruffnova;
				INFOPLIST_KEY_LSApplicationCategoryType = "public.app-category.utilities";
				IPHONEOS_DEPLOYMENT_TARGET = 17.0;
				LD_RUNPATH_SEARCH_PATHS = (
					"$(inherited)",
					"@executable_path/../Frameworks",
				);
				LIBRARY_SEARCH_PATHS = "$(SRCROOT)/CRuffleFFI";
				"LIBRARY_SEARCH_PATHS[sdk=iphoneos*]" = "$(SRCROOT)/CRuffleFFI/ios";
				"LIBRARY_SEARCH_PATHS[sdk=macosx*]" = "$(SRCROOT)/CRuffleFFI/macos";
				MARKETING_VERSION = 0.1;
				OTHER_LDFLAGS = "$(inherited)";
				"OTHER_LDFLAGS[sdk=iphoneos*]" = (
					"$(inherited)",
					"$(SRCROOT)/CRuffleFFI/ios/libruffle_ffi.a",
					"-framework",
					AudioToolbox,
					"-framework",
					CoreAudio,
				);
				"OTHER_LDFLAGS[sdk=macosx*]" = (
					"$(inherited)",
					"$(SRCROOT)/CRuffleFFI/macos/libruffle_ffi.a",
					"-framework",
					AudioToolbox,
					"-framework",
					AudioUnit,
					"-framework",
					CoreAudio,
					"-framework",
					SystemConfiguration,
				);
				OTHER_SWIFT_FLAGS = "$(inherited) -DRUST_FFI_AVAILABLE";
				PRODUCT_BUNDLE_IDENTIFIER = app.ruffnova.native;
				PRODUCT_NAME = "$(TARGET_NAME)";
				SUPPORTED_PLATFORMS = "iphoneos macosx";
				SUPPORTS_MACCATALYST = NO;
				SWIFT_INCLUDE_PATHS = "$(SRCROOT)/CRuffleFFI";
				SWIFT_OBJC_BRIDGING_HEADER = RuffleBridgingHeader.h;
				SWIFT_VERSION = 5.0;
				TARGETED_DEVICE_FAMILY = "1,2";
			};
			name = Release;
		};
/* End XCBuildConfiguration section */

/* Begin XCConfigurationList section */
		L10000 /* Build configuration list for PBXProject "Ruffnova" */ = {
			isa = XCConfigurationList;
			buildConfigurations = (
				X10001 /* Debug */,
				X10002 /* Release */,
			);
			defaultConfigurationIsVisible = 0;
			defaultConfigurationName = Release;
		};
		L10001 /* Build configuration list for PBXNativeTarget "Ruffnova" */ = {
			isa = XCConfigurationList;
			buildConfigurations = (
				X10011 /* Debug */,
				X10012 /* Release */,
			);
			defaultConfigurationIsVisible = 0;
			defaultConfigurationName = Release;
		};
/* End XCConfigurationList section */
	};
	rootObject = P10001 /* Project object */;
}
